
Microsoft Visual Studio Solution File, Format Version 12.00
# Visual Studio 15
VisualStudioVersion = 15.0.28307.168
MinimumVisualStudioVersion = 10.0.40219.1
Project("{FAE04EC0-301F-11D3-BF4B-00C04F79EFBC}") = "PoznajPilkarza", "PoznajPilkarza\PoznajPilkarza.csproj", "{A0BECD0E-FFD7-45FE-AB78-1206BFC97370}"
EndProject
Global
	GlobalSection(SolutionConfigurationPlatforms) = preSolution
		Debug|Any CPU = Debug|Any CPU
		Release|Any CPU = Release|Any CPU
	EndGlobalSection
	GlobalSection(ProjectConfigurationPlatforms) = postSolution
		{A0BECD0E-FFD7-45FE-AB78-1206BFC97370}.Debug|Any CPU.ActiveCfg = Debug|Any CPU
		{A0BECD0E-FFD7-45FE-AB78-1206BFC97370}.Debug|Any CPU.Build.0 = Debug|Any CPU
		{A0BECD0E-FFD7-45FE-AB78-1206BFC97370}.Release|Any CPU.ActiveCfg = Release|Any CPU
		{A0BECD0E-FFD7-45FE-AB78-1206BFC97370}.Release|Any CPU.Build.0 = Release|Any CPU
	EndGlobalSection
	GlobalSection(SolutionProperties) = preSolution
		HideSolutionNode = FALSE
	EndGlobalSection
	GlobalSection(ExtensibilityGlobals) = postSolution
		SolutionGuid = {E4695440-F3C0-41FB-958A-1F2F626FCCDD}
	EndGlobalSection
EndGlobal
